<?xml version="1.0" encoding="utf-8"?>
<Project ToolsVersion="4.0" xmlns="http://schemas.microsoft.com/developer/msbuild/2003">
  <ItemGroup>
    <Filter Include="Source Files">
      <UniqueIdentifier>{4FC737F1-C7A5-4376-A066-2A32D752A2FF}</UniqueIdentifier>
      <Extensions>cpp;c;cc;cxx;def;odl;idl;hpj;bat;asm;asmx</Extensions>
    </Filter>
    <Filter Include="Header Files">
      <UniqueIdentifier>{93995380-89BD-4b04-88EB-625FBE52EBFB}</UniqueIdentifier>
      <Extensions>h;hh;hpp;hxx;hm;inl;inc;xsd</Extensions>
    </Filter>
    <Filter Include="Resource Files">
      <UniqueIdentifier>{67DA6AB6-F800-4c08-8B7A-83BB121AAD01}</UniqueIdentifier>
      <Extensions>rc;ico;cur;bmp;dlg;rc2;rct;bin;rgs;gif;jpg;jpeg;jpe;resx;tiff;tif;png;wav</Extensions>
    </Filter>
  </ItemGroup>
  <ItemGroup>
    <ClCompile Include="C2_ObjPointer.cpp">
      <Filter>Source Files</Filter>
    </ClCompile>
    <ClCompile Include="C3_Constructor_Destructor.cpp">
      <Filter>Source Files</Filter>
    </ClCompile>
    <ClCompile Include="C1_Concept.cpp">
      <Filter>Source Files</Filter>
    </ClCompile>
    <ClCompile Include="C4_OOP_APP.cpp">
      <Filter>Source Files</Filter>
    </ClCompile>
    <ClCompile Include="C5_Template.cpp">
      <Filter>Source Files</Filter>
    </ClCompile>
    <ClCompile Include="C6_CLassTemplate.cpp">
      <Filter>Source Files</Filter>
    </ClCompile>
    <ClCompile Include="C7_OperatorOverload.cpp">
      <Filter>Source Files</Filter>
    </ClCompile>
    <ClCompile Include="C8_String.cpp">
      <Filter>Source Files</Filter>
    </ClCompile>
    <ClCompile Include="C9_iterator_invalid.cpp">
      <Filter>Source Files</Filter>
    </ClCompile>
    <ClCompile Include="C10_newdelete.cpp">
      <Filter>Source Files</Filter>
    </ClCompile>
    <ClCompile Include="C11_inheritance.cpp">
      <Filter>Source Files</Filter>
    </ClCompile>
    <ClCompile Include="C12_vbptr_vbtable.cpp">
      <Filter>Source Files</Filter>
    </ClCompile>
    <ClCompile Include="C13_iterator.cpp">
      <Filter>Source Files</Filter>
    </ClCompile>
    <ClCompile Include="C14_container_adpatator.cpp">
      <Filter>Source Files</Filter>
    </ClCompile>
    <ClCompile Include="C15_func_obj.cpp">
      <Filter>Source Files</Filter>
    </ClCompile>
    <ClCompile Include="C16_Container.cpp">
      <Filter>Source Files</Filter>
    </ClCompile>
    <ClCompile Include="C17_algo.cpp">
      <Filter>Source Files</Filter>
    </ClCompile>
  </ItemGroup>
  <ItemGroup>
    <ClInclude Include="resource.h">
      <Filter>Header Files</Filter>
    </ClInclude>
  </ItemGroup>
  <ItemGroup>
    <ResourceCompile Include="cpp_learn.rc">
      <Filter>Resource Files</Filter>
    </ResourceCompile>
  </ItemGroup>
</Project>